
Microsoft Visual Studio Solution File, Format Version 12.00
# Visual Studio Version 16
VisualStudioVersion = 16.0.30204.135
MinimumVisualStudioVersion = 10.0.40219.1
Project("{9A19103F-16F7-4668-BE54-9A1E7A4F7556}") = "TODOLIST", "src\TODOLIST\TODOLIST.csproj", "{6D3896AD-678B-4D3B-ACE7-4873F5B8BF5E}"
EndProject
Project("{2150E333-8FDC-42A3-9474-1A3956D46DE8}") = "tests", "tests", "{5BFDCD65-3DA5-405D-A492-40494950A180}"
EndProject
Project("{9A19103F-16F7-4668-BE54-9A1E7A4F7556}") = "UnitTests", "tests\UnitTests\UnitTests.csproj", "{83EE9025-6FE1-47B6-A3F2-D933CAEA4A71}"
EndProject
Project("{9A19103F-16F7-4668-BE54-9A1E7A4F7556}") = "IntegrationTest", "tests\IntegrationTest\IntegrationTest.csproj", "{90B4ED31-8C78-42AC-B096-F5EB8C5AA976}"
EndProject
Project("{2150E333-8FDC-42A3-9474-1A3956D46DE8}") = "src", "src", "{77254694-62B8-4B3C-9315-4A107AB51073}"
EndProject
Project("{2150E333-8FDC-42A3-9474-1A3956D46DE8}") = "Solution Items", "Solution Items", "{8285E5AB-1C53-4FF4-A86A-2A3FE480071E}"
	ProjectSection(SolutionItems) = preProject
		.deployment = .deployment
	EndProjectSection
EndProject
Global
	GlobalSection(SolutionConfigurationPlatforms) = preSolution
		Debug|Any CPU = Debug|Any CPU
		Release|Any CPU = Release|Any CPU
	EndGlobalSection
	GlobalSection(ProjectConfigurationPlatforms) = postSolution
		{6D3896AD-678B-4D3B-ACE7-4873F5B8BF5E}.Debug|Any CPU.ActiveCfg = Debug|Any CPU
		{6D3896AD-678B-4D3B-ACE7-4873F5B8BF5E}.Debug|Any CPU.Build.0 = Debug|Any CPU
		{6D3896AD-678B-4D3B-ACE7-4873F5B8BF5E}.Release|Any CPU.ActiveCfg = Release|Any CPU
		{6D3896AD-678B-4D3B-ACE7-4873F5B8BF5E}.Release|Any CPU.Build.0 = Release|Any CPU
		{83EE9025-6FE1-47B6-A3F2-D933CAEA4A71}.Debug|Any CPU.ActiveCfg = Debug|Any CPU
		{83EE9025-6FE1-47B6-A3F2-D933CAEA4A71}.Debug|Any CPU.Build.0 = Debug|Any CPU
		{83EE9025-6FE1-47B6-A3F2-D933CAEA4A71}.Release|Any CPU.ActiveCfg = Release|Any CPU
		{83EE9025-6FE1-47B6-A3F2-D933CAEA4A71}.Release|Any CPU.Build.0 = Release|Any CPU
		{90B4ED31-8C78-42AC-B096-F5EB8C5AA976}.Debug|Any CPU.ActiveCfg = Debug|Any CPU
		{90B4ED31-8C78-42AC-B096-F5EB8C5AA976}.Debug|Any CPU.Build.0 = Debug|Any CPU
		{90B4ED31-8C78-42AC-B096-F5EB8C5AA976}.Release|Any CPU.ActiveCfg = Release|Any CPU
		{90B4ED31-8C78-42AC-B096-F5EB8C5AA976}.Release|Any CPU.Build.0 = Release|Any CPU
	EndGlobalSection
	GlobalSection(SolutionProperties) = preSolution
		HideSolutionNode = FALSE
	EndGlobalSection
	GlobalSection(NestedProjects) = preSolution
		{6D3896AD-678B-4D3B-ACE7-4873F5B8BF5E} = {77254694-62B8-4B3C-9315-4A107AB51073}
		{83EE9025-6FE1-47B6-A3F2-D933CAEA4A71} = {5BFDCD65-3DA5-405D-A492-40494950A180}
		{90B4ED31-8C78-42AC-B096-F5EB8C5AA976} = {5BFDCD65-3DA5-405D-A492-40494950A180}
	EndGlobalSection
	GlobalSection(ExtensibilityGlobals) = postSolution
		SolutionGuid = {A3B34837-D530-4EEC-BF3D-C6BBFED8BFBE}
	EndGlobalSection
EndGlobal
